
Microsoft Visual Studio Solution File, Format Version 12.00
# Visual Studio 14
VisualStudioVersion = 14.0.24720.0
MinimumVisualStudioVersion = 10.0.40219.1
Project("{FAE04EC0-301F-11D3-BF4B-00C04F79EFBC}") = "Server", "Servers\Sharp\Server.csproj", "{A263DE68-6DF2-4463-84C0-EF73F29CBC46}"
EndProject
Project("{FAE04EC0-301F-11D3-BF4B-00C04F79EFBC}") = "Client", "Clients\Sharp\Client.csproj", "{656DEC64-2CD1-4FC6-B24B-BC65BDAC21D3}"
EndProject
Project("{2150E333-8FDC-42A3-9474-1A3956D46DE8}") = "Sharp", "Sharp", "{CB60300E-B33D-4A28-90A3-99BE69608BF8}"
EndProject
Project("{FAE04EC0-301F-11D3-BF4B-00C04F79EFBC}") = "IIOPChannel", "thirdparty\Sharp\IIOPLib\IIOPChannel\IIOPChannel.csproj", "{06B8BCFF-7887-4DCE-B451-0DCA831D4A2D}"
EndProject
Project("{2150E333-8FDC-42A3-9474-1A3956D46DE8}") = "Thirdparty", "Thirdparty", "{3F9121EE-0AEC-4EDD-AC98-777C54D5E494}"
EndProject
Project("{2150E333-8FDC-42A3-9474-1A3956D46DE8}") = "IDL", "IDL", "{B8ABADF0-B1D3-4EC3-B907-FFA6D3EB8F98}"
	ProjectSection(SolutionItems) = preProject
		IDL\IHelloWorld.idl = IDL\IHelloWorld.idl
	EndProjectSection
EndProject
Project("{2150E333-8FDC-42A3-9474-1A3956D46DE8}") = "Cpp", "Cpp", "{594765AE-B4FC-4EC2-B58E-78F530E97FE4}"
EndProject
Global
	GlobalSection(SolutionConfigurationPlatforms) = preSolution
		Debug|Any CPU = Debug|Any CPU
		Release|Any CPU = Release|Any CPU
	EndGlobalSection
	GlobalSection(ProjectConfigurationPlatforms) = postSolution
		{A263DE68-6DF2-4463-84C0-EF73F29CBC46}.Debug|Any CPU.ActiveCfg = Debug|Any CPU
		{A263DE68-6DF2-4463-84C0-EF73F29CBC46}.Debug|Any CPU.Build.0 = Debug|Any CPU
		{A263DE68-6DF2-4463-84C0-EF73F29CBC46}.Release|Any CPU.ActiveCfg = Release|Any CPU
		{A263DE68-6DF2-4463-84C0-EF73F29CBC46}.Release|Any CPU.Build.0 = Release|Any CPU
		{656DEC64-2CD1-4FC6-B24B-BC65BDAC21D3}.Debug|Any CPU.ActiveCfg = Debug|Any CPU
		{656DEC64-2CD1-4FC6-B24B-BC65BDAC21D3}.Debug|Any CPU.Build.0 = Debug|Any CPU
		{656DEC64-2CD1-4FC6-B24B-BC65BDAC21D3}.Release|Any CPU.ActiveCfg = Release|Any CPU
		{656DEC64-2CD1-4FC6-B24B-BC65BDAC21D3}.Release|Any CPU.Build.0 = Release|Any CPU
		{06B8BCFF-7887-4DCE-B451-0DCA831D4A2D}.Debug|Any CPU.ActiveCfg = Debug|Any CPU
		{06B8BCFF-7887-4DCE-B451-0DCA831D4A2D}.Debug|Any CPU.Build.0 = Debug|Any CPU
		{06B8BCFF-7887-4DCE-B451-0DCA831D4A2D}.Release|Any CPU.ActiveCfg = Release|Any CPU
		{06B8BCFF-7887-4DCE-B451-0DCA831D4A2D}.Release|Any CPU.Build.0 = Release|Any CPU
	EndGlobalSection
	GlobalSection(SolutionProperties) = preSolution
		HideSolutionNode = FALSE
	EndGlobalSection
	GlobalSection(NestedProjects) = preSolution
		{A263DE68-6DF2-4463-84C0-EF73F29CBC46} = {CB60300E-B33D-4A28-90A3-99BE69608BF8}
		{656DEC64-2CD1-4FC6-B24B-BC65BDAC21D3} = {CB60300E-B33D-4A28-90A3-99BE69608BF8}
		{06B8BCFF-7887-4DCE-B451-0DCA831D4A2D} = {3F9121EE-0AEC-4EDD-AC98-777C54D5E494}
		{3F9121EE-0AEC-4EDD-AC98-777C54D5E494} = {CB60300E-B33D-4A28-90A3-99BE69608BF8}
	EndGlobalSection
EndGlobal
